// !$*UTF8*$!
{
	archiveVersion = 1;
	classes = {
	};
	objectVersion = 46;
	objects = {

/* Begin PBXBuildFile section */
		D07C3BF8148DD6A300B8699E /* timescroll_hourhand.png in Resources */ = {isa = PBXBuildFile; fileRef = D07C3BF2148DD6A300B8699E /* timescroll_hourhand.png */; };
		D07C3BF9148DD6A300B8699E /* timescroll_hourhand@2x.png in Resources */ = {isa = PBXBuildFile; fileRef = D07C3BF3148DD6A300B8699E /* timescroll_hourhand@2x.png */; };
		D07C3BFA148DD6A300B8699E /* timescroll_minutehand.png in Resources */ = {isa = PBXBuildFile; fileRef = D07C3BF4148DD6A300B8699E /* timescroll_minutehand.png */; };
		D07C3BFB148DD6A300B8699E /* timescroll_minutehand@2x.png in Resources */ = {isa = PBXBuildFile; fileRef = D07C3BF5148DD6A300B8699E /* timescroll_minutehand@2x.png */; };
		D07C3BFC148DD6A300B8699E /* timescroll_pointer.png in Resources */ = {isa = PBXBuildFile; fileRef = D07C3BF6148DD6A300B8699E /* timescroll_pointer.png */; };
		D07C3BFD148DD6A300B8699E /* timescroll_pointer@2x.png in Resources */ = {isa = PBXBuildFile; fileRef = D07C3BF7148DD6A300B8699E /* timescroll_pointer@2x.png */; };
		D0C86AB4148C638200F81AB3 /* UIKit.framework in Frameworks */ = {isa = PBXBuildFile; fileRef = D0C86AB3148C638200F81AB3 /* UIKit.framework */; };
		D0C86AB6148C638200F81AB3 /* Foundation.framework in Frameworks */ = {isa = PBXBuildFile; fileRef = D0C86AB5148C638200F81AB3 /* Foundation.framework */; };
		D0C86AB8148C638200F81AB3 /* CoreGraphics.framework in Frameworks */ = {isa = PBXBuildFile; fileRef = D0C86AB7148C638200F81AB3 /* CoreGraphics.framework */; };
		D0C86ABE148C638200F81AB3 /* InfoPlist.strings in Resources */ = {isa = PBXBuildFile; fileRef = D0C86ABC148C638200F81AB3 /* InfoPlist.strings */; };
		D0C86AC0148C638200F81AB3 /* main.m in Sources */ = {isa = PBXBuildFile; fileRef = D0C86ABF148C638200F81AB3 /* main.m */; };
		D0C86AC4148C638200F81AB3 /* AppDelegate.m in Sources */ = {isa = PBXBuildFile; fileRef = D0C86AC3148C638200F81AB3 /* AppDelegate.m */; };
		D0C86AD0148C63B900F81AB3 /* RootViewController.m in Sources */ = {isa = PBXBuildFile; fileRef = D0C86ACE148C63B900F81AB3 /* RootViewController.m */; };
		D0C86AD4148C64F000F81AB3 /* TimeScroller.m in Sources */ = {isa = PBXBuildFile; fileRef = D0C86AD3148C64F000F81AB3 /* TimeScroller.m */; };
/* End PBXBuildFile section */

/* Begin PBXFileReference section */
		D07C3BF2148DD6A300B8699E /* timescroll_hourhand.png */ = {isa = PBXFileReference; lastKnownFileType = image.png; path = timescroll_hourhand.png; sourceTree = "<group>"; };
		D07C3BF3148DD6A300B8699E /* timescroll_hourhand@2x.png */ = {isa = PBXFileReference; lastKnownFileType = image.png; path = "timescroll_hourhand@2x.png"; sourceTree = "<group>"; };
		D07C3BF4148DD6A300B8699E /* timescroll_minutehand.png */ = {isa = PBXFileReference; lastKnownFileType = image.png; path = timescroll_minutehand.png; sourceTree = "<group>"; };
		D07C3BF5148DD6A300B8699E /* timescroll_minutehand@2x.png */ = {isa = PBXFileReference; lastKnownFileType = image.png; path = "timescroll_minutehand@2x.png"; sourceTree = "<group>"; };
		D07C3BF6148DD6A300B8699E /* timescroll_pointer.png */ = {isa = PBXFileReference; lastKnownFileType = image.png; path = timescroll_pointer.png; sourceTree = "<group>"; };
		D07C3BF7148DD6A300B8699E /* timescroll_pointer@2x.png */ = {isa = PBXFileReference; lastKnownFileType = image.png; path = "timescroll_pointer@2x.png"; sourceTree = "<group>"; };
		D0C86AAF148C638200F81AB3 /* TimeScroller.app */ = {isa = PBXFileReference; explicitFileType = wrapper.application; includeInIndex = 0; path = TimeScroller.app; sourceTree = BUILT_PRODUCTS_DIR; };
		D0C86AB3148C638200F81AB3 /* UIKit.framework */ = {isa = PBXFileReference; lastKnownFileType = wrapper.framework; name = UIKit.framework; path = System/Library/Frameworks/UIKit.framework; sourceTree = SDKROOT; };
		D0C86AB5148C638200F81AB3 /* Foundation.framework */ = {isa = PBXFileReference; lastKnownFileType = wrapper.framework; name = Foundation.framework; path = System/Library/Frameworks/Foundation.framework; sourceTree = SDKROOT; };
		D0C86AB7148C638200F81AB3 /* CoreGraphics.framework */ = {isa = PBXFileReference; lastKnownFileType = wrapper.framework; name = CoreGraphics.framework; path = System/Library/Frameworks/CoreGraphics.framework; sourceTree = SDKROOT; };
		D0C86ABB148C638200F81AB3 /* TimeScroller-Info.plist */ = {isa = PBXFileReference; lastKnownFileType = text.plist.xml; path = "TimeScroller-Info.plist"; sourceTree = "<group>"; };
		D0C86ABD148C638200F81AB3 /* en */ = {isa = PBXFileReference; lastKnownFileType = text.plist.strings; name = en; path = en.lproj/InfoPlist.strings; sourceTree = "<group>"; };
		D0C86ABF148C638200F81AB3 /* main.m */ = {isa = PBXFileReference; lastKnownFileType = sourcecode.c.objc; path = main.m; sourceTree = "<group>"; };
		D0C86AC1148C638200F81AB3 /* TimeScroller-Prefix.pch */ = {isa = PBXFileReference; lastKnownFileType = sourcecode.c.h; path = "TimeScroller-Prefix.pch"; sourceTree = "<group>"; };
		D0C86AC2148C638200F81AB3 /* AppDelegate.h */ = {isa = PBXFileReference; lastKnownFileType = sourcecode.c.h; path = AppDelegate.h; sourceTree = "<group>"; };
		D0C86AC3148C638200F81AB3 /* AppDelegate.m */ = {isa = PBXFileReference; lastKnownFileType = sourcecode.c.objc; path = AppDelegate.m; sourceTree = "<group>"; };
		D0C86ACD148C63B900F81AB3 /* RootViewController.h */ = {isa = PBXFileReference; fileEncoding = 4; lastKnownFileType = sourcecode.c.h; path = RootViewController.h; sourceTree = "<group>"; };
		D0C86ACE148C63B900F81AB3 /* RootViewController.m */ = {isa = PBXFileReference; fileEncoding = 4; lastKnownFileType = sourcecode.c.objc; path = RootViewController.m; sourceTree = "<group>"; };
		D0C86AD2148C64F000F81AB3 /* TimeScroller.h */ = {isa = PBXFileReference; fileEncoding = 4; lastKnownFileType = sourcecode.c.h; path = TimeScroller.h; sourceTree = "<group>"; };
		D0C86AD3148C64F000F81AB3 /* TimeScroller.m */ = {isa = PBXFileReference; fileEncoding = 4; lastKnownFileType = sourcecode.c.objc; path = TimeScroller.m; sourceTree = "<group>"; };
/* End PBXFileReference section */

/* Begin PBXFrameworksBuildPhase section */
		D0C86AAC148C638200F81AB3 /* Frameworks */ = {
			isa = PBXFrameworksBuildPhase;
			buildActionMask = 2147483647;
			files = (
				D0C86AB4148C638200F81AB3 /* UIKit.framework in Frameworks */,
				D0C86AB6148C638200F81AB3 /* Foundation.framework in Frameworks */,
				D0C86AB8148C638200F81AB3 /* CoreGraphics.framework in Frameworks */,
			);
			runOnlyForDeploymentPostprocessing = 0;
		};
/* End PBXFrameworksBuildPhase section */

/* Begin PBXGroup section */
		D07C3BF0148DD69600B8699E /* Assets */ = {
			isa = PBXGroup;
			children = (
				D07C3BF2148DD6A300B8699E /* timescroll_hourhand.png */,
				D07C3BF3148DD6A300B8699E /* timescroll_hourhand@2x.png */,
				D07C3BF4148DD6A300B8699E /* timescroll_minutehand.png */,
				D07C3BF5148DD6A300B8699E /* timescroll_minutehand@2x.png */,
				D07C3BF6148DD6A300B8699E /* timescroll_pointer.png */,
				D07C3BF7148DD6A300B8699E /* timescroll_pointer@2x.png */,
			);
			name = Assets;
			sourceTree = "<group>";
		};
		D0C86AA4148C638200F81AB3 = {
			isa = PBXGroup;
			children = (
				D0C86AB9148C638200F81AB3 /* TimeScroller */,
				D0C86AB2148C638200F81AB3 /* Frameworks */,
				D0C86AB0148C638200F81AB3 /* Products */,
			);
			sourceTree = "<group>";
		};
		D0C86AB0148C638200F81AB3 /* Products */ = {
			isa = PBXGroup;
			children = (
				D0C86AAF148C638200F81AB3 /* TimeScroller.app */,
			);
			name = Products;
			sourceTree = "<group>";
		};
		D0C86AB2148C638200F81AB3 /* Frameworks */ = {
			isa = PBXGroup;
			children = (
				D0C86AB3148C638200F81AB3 /* UIKit.framework */,
				D0C86AB5148C638200F81AB3 /* Foundation.framework */,
				D0C86AB7148C638200F81AB3 /* CoreGraphics.framework */,
			);
			name = Frameworks;
			sourceTree = "<group>";
		};
		D0C86AB9148C638200F81AB3 /* TimeScroller */ = {
			isa = PBXGroup;
			children = (
				D0C86ACC148C639C00F81AB3 /* RootViewController */,
				D0C86ACB148C639500F81AB3 /* TimeScroller */,
				D0C86ACA148C638B00F81AB3 /* Application Delegate */,
				D0C86ABA148C638200F81AB3 /* Supporting Files */,
			);
			name = TimeScroller;
			path = TimerScroller;
			sourceTree = "<group>";
		};
		D0C86ABA148C638200F81AB3 /* Supporting Files */ = {
			isa = PBXGroup;
			children = (
				D0C86ABB148C638200F81AB3 /* TimeScroller-Info.plist */,
				D0C86ABC148C638200F81AB3 /* InfoPlist.strings */,
				D0C86ABF148C638200F81AB3 /* main.m */,
				D0C86AC1148C638200F81AB3 /* TimeScroller-Prefix.pch */,
			);
			name = "Supporting Files";
			sourceTree = "<group>";
		};
		D0C86ACA148C638B00F81AB3 /* Application Delegate */ = {
			isa = PBXGroup;
			children = (
				D0C86AC2148C638200F81AB3 /* AppDelegate.h */,
				D0C86AC3148C638200F81AB3 /* AppDelegate.m */,
			);
			name = "Application Delegate";
			sourceTree = "<group>";
		};
		D0C86ACB148C639500F81AB3 /* TimeScroller */ = {
			isa = PBXGroup;
			children = (
				D07C3BF0148DD69600B8699E /* Assets */,
				D0C86AD2148C64F000F81AB3 /* TimeScroller.h */,
				D0C86AD3148C64F000F81AB3 /* TimeScroller.m */,
			);
			name = TimeScroller;
			sourceTree = "<group>";
		};
		D0C86ACC148C639C00F81AB3 /* RootViewController */ = {
			isa = PBXGroup;
			children = (
				D0C86ACD148C63B900F81AB3 /* RootViewController.h */,
				D0C86ACE148C63B900F81AB3 /* RootViewController.m */,
			);
			name = RootViewController;
			sourceTree = "<group>";
		};
/* End PBXGroup section */

/* Begin PBXNativeTarget section */
		D0C86AAE148C638200F81AB3 /* TimeScroller */ = {
			isa = PBXNativeTarget;
			buildConfigurationList = D0C86AC7148C638200F81AB3 /* Build configuration list for PBXNativeTarget "TimeScroller" */;
			buildPhases = (
				D0C86AAB148C638200F81AB3 /* Sources */,
				D0C86AAC148C638200F81AB3 /* Frameworks */,
				D0C86AAD148C638200F81AB3 /* Resources */,
			);
			buildRules = (
			);
			dependencies = (
			);
			name = TimeScroller;
			productName = TimerScroller;
			productReference = D0C86AAF148C638200F81AB3 /* TimeScroller.app */;
			productType = "com.apple.product-type.application";
		};
/* End PBXNativeTarget section */

/* Begin PBXProject section */
		D0C86AA6148C638200F81AB3 /* Project object */ = {
			isa = PBXProject;
			attributes = {
				LastUpgradeCheck = 0420;
			};
			buildConfigurationList = D0C86AA9148C638200F81AB3 /* Build configuration list for PBXProject "TimeScroller" */;
			compatibilityVersion = "Xcode 3.2";
			developmentRegion = English;
			hasScannedForEncodings = 0;
			knownRegions = (
				en,
			);
			mainGroup = D0C86AA4148C638200F81AB3;
			productRefGroup = D0C86AB0148C638200F81AB3 /* Products */;
			projectDirPath = "";
			projectRoot = "";
			targets = (
				D0C86AAE148C638200F81AB3 /* TimeScroller */,
			);
		};
/* End PBXProject section */

/* Begin PBXResourcesBuildPhase section */
		D0C86AAD148C638200F81AB3 /* Resources */ = {
			isa = PBXResourcesBuildPhase;
			buildActionMask = 2147483647;
			files = (
				D0C86ABE148C638200F81AB3 /* InfoPlist.strings in Resources */,
				D07C3BF8148DD6A300B8699E /* timescroll_hourhand.png in Resources */,
				D07C3BF9148DD6A300B8699E /* timescroll_hourhand@2x.png in Resources */,
				D07C3BFA148DD6A300B8699E /* timescroll_minutehand.png in Resources */,
				D07C3BFB148DD6A300B8699E /* timescroll_minutehand@2x.png in Resources */,
				D07C3BFC148DD6A300B8699E /* timescroll_pointer.png in Resources */,
				D07C3BFD148DD6A300B8699E /* timescroll_pointer@2x.png in Resources */,
			);
			runOnlyForDeploymentPostprocessing = 0;
		};
/* End PBXResourcesBuildPhase section */

/* Begin PBXSourcesBuildPhase section */
		D0C86AAB148C638200F81AB3 /* Sources */ = {
			isa = PBXSourcesBuildPhase;
			buildActionMask = 2147483647;
			files = (
				D0C86AC0148C638200F81AB3 /* main.m in Sources */,
				D0C86AC4148C638200F81AB3 /* AppDelegate.m in Sources */,
				D0C86AD0148C63B900F81AB3 /* RootViewController.m in Sources */,
				D0C86AD4148C64F000F81AB3 /* TimeScroller.m in Sources */,
			);
			runOnlyForDeploymentPostprocessing = 0;
		};
/* End PBXSourcesBuildPhase section */

/* Begin PBXVariantGroup section */
		D0C86ABC148C638200F81AB3 /* InfoPlist.strings */ = {
			isa = PBXVariantGroup;
			children = (
				D0C86ABD148C638200F81AB3 /* en */,
			);
			name = InfoPlist.strings;
			sourceTree = "<group>";
		};
/* End PBXVariantGroup section */

/* Begin XCBuildConfiguration section */
		D0C86AC5148C638200F81AB3 /* Debug */ = {
			isa = XCBuildConfiguration;
			buildSettings = {
				ALWAYS_SEARCH_USER_PATHS = NO;
				ARCHS = "$(ARCHS_STANDARD_32_BIT)";
				CODE_SIGN_IDENTITY = "iPhone Developer";
				"CODE_SIGN_IDENTITY[sdk=iphoneos*]" = "iPhone Developer";
				COPY_PHASE_STRIP = NO;
				GCC_C_LANGUAGE_STANDARD = gnu99;
				GCC_DYNAMIC_NO_PIC = NO;
				GCC_OPTIMIZATION_LEVEL = 0;
				GCC_PREPROCESSOR_DEFINITIONS = (
					"DEBUG=1",
					"$(inherited)",
				);
				GCC_SYMBOLS_PRIVATE_EXTERN = NO;
				GCC_VERSION = com.apple.compilers.llvm.clang.1_0;
				GCC_WARN_ABOUT_MISSING_PROTOTYPES = YES;
				GCC_WARN_ABOUT_RETURN_TYPE = YES;
				GCC_WARN_UNUSED_VARIABLE = YES;
				IPHONEOS_DEPLOYMENT_TARGET = 5.0;
				PROVISIONING_PROFILE = "";
				"PROVISIONING_PROFILE[sdk=iphoneos*]" = "";
				SDKROOT = iphoneos;
				TARGETED_DEVICE_FAMILY = "1,2";
			};
			name = Debug;
		};
		D0C86AC6148C638200F81AB3 /* Release */ = {
			isa = XCBuildConfiguration;
			buildSettings = {
				ALWAYS_SEARCH_USER_PATHS = NO;
				ARCHS = "$(ARCHS_STANDARD_32_BIT)";
				"CODE_SIGN_IDENTITY[sdk=iphoneos*]" = "iPhone Developer";
				COPY_PHASE_STRIP = YES;
				GCC_C_LANGUAGE_STANDARD = gnu99;
				GCC_VERSION = com.apple.compilers.llvm.clang.1_0;
				GCC_WARN_ABOUT_MISSING_PROTOTYPES = YES;
				GCC_WARN_ABOUT_RETURN_TYPE = YES;
				GCC_WARN_UNUSED_VARIABLE = YES;
				IPHONEOS_DEPLOYMENT_TARGET = 5.0;
				OTHER_CFLAGS = "-DNS_BLOCK_ASSERTIONS=1";
				SDKROOT = iphoneos;
				TARGETED_DEVICE_FAMILY = "1,2";
				VALIDATE_PRODUCT = YES;
			};
			name = Release;
		};
		D0C86AC8148C638200F81AB3 /* Debug */ = {
			isa = XCBuildConfiguration;
			buildSettings = {
				CLANG_ENABLE_OBJC_ARC = YES;
				CODE_SIGN_IDENTITY = "iPhone Developer";
				"CODE_SIGN_IDENTITY[sdk=iphoneos*]" = "iPhone Developer";
				COMPRESS_PNG_FILES = NO;
				GCC_PRECOMPILE_PREFIX_HEADER = YES;
				GCC_PREFIX_HEADER = "TimerScroller/TimeScroller-Prefix.pch";
				GCC_VERSION = com.apple.compilers.llvm.clang.1_0;
				INFOPLIST_FILE = "TimerScroller/TimeScroller-Info.plist";
				PRODUCT_NAME = TimeScroller;
				PROVISIONING_PROFILE = "";
				"PROVISIONING_PROFILE[sdk=iphoneos*]" = "";
				WRAPPER_EXTENSION = app;
			};
			name = Debug;
		};
		D0C86AC9148C638200F81AB3 /* Release */ = {
			isa = XCBuildConfiguration;
			buildSettings = {
				CLANG_ENABLE_OBJC_ARC = YES;
				COMPRESS_PNG_FILES = NO;
				GCC_PRECOMPILE_PREFIX_HEADER = YES;
				GCC_PREFIX_HEADER = "TimerScroller/TimeScroller-Prefix.pch";
				GCC_VERSION = com.apple.compilers.llvm.clang.1_0;
				INFOPLIST_FILE = "TimerScroller/TimeScroller-Info.plist";
				PRODUCT_NAME = TimeScroller;
				WRAPPER_EXTENSION = app;
			};
			name = Release;
		};
/* End XCBuildConfiguration section */

/* Begin XCConfigurationList section */
		D0C86AA9148C638200F81AB3 /* Build configuration list for PBXProject "TimeScroller" */ = {
			isa = XCConfigurationList;
			buildConfigurations = (
				D0C86AC5148C638200F81AB3 /* Debug */,
				D0C86AC6148C638200F81AB3 /* Release */,
			);
			defaultConfigurationIsVisible = 0;
			defaultConfigurationName = Release;
		};
		D0C86AC7148C638200F81AB3 /* Build configuration list for PBXNativeTarget "TimeScroller" */ = {
			isa = XCConfigurationList;
			buildConfigurations = (
				D0C86AC8148C638200F81AB3 /* Debug */,
				D0C86AC9148C638200F81AB3 /* Release */,
			);
			defaultConfigurationIsVisible = 0;
			defaultConfigurationName = Release;
		};
/* End XCConfigurationList section */
	};
	rootObject = D0C86AA6148C638200F81AB3 /* Project object */;
}
